// !$*UTF8*$!
{
	archiveVersion = 1;
	classes = {
	};
	objectVersion = 56;
	objects = {

/* Begin PBXBuildFile section */
		744EEB9929F88EFF009BEF5F /* AppleFrameworksSwiftUIApp.swift in Sources */ = {isa = PBXBuildFile; fileRef = 744EEB9829F88EFF009BEF5F /* AppleFrameworksSwiftUIApp.swift */; };
		744EEB9D29F88F01009BEF5F /* Assets.xcassets in Resources */ = {isa = PBXBuildFile; fileRef = 744EEB9C29F88F01009BEF5F /* Assets.xcassets */; };
		744EEBA029F88F01009BEF5F /* Preview Assets.xcassets in Resources */ = {isa = PBXBuildFile; fileRef = 744EEB9F29F88F01009BEF5F /* Preview Assets.xcassets */; };
		744EEBA729F88F9A009BEF5F /* Framework.swift in Sources */ = {isa = PBXBuildFile; fileRef = 744EEBA629F88F9A009BEF5F /* Framework.swift */; };
		744EEBAB29F890ED009BEF5F /* FrameworkGridView.swift in Sources */ = {isa = PBXBuildFile; fileRef = 744EEBAA29F890ED009BEF5F /* FrameworkGridView.swift */; };
		744EEBAD29F9B931009BEF5F /* FrameworkDetailView.swift in Sources */ = {isa = PBXBuildFile; fileRef = 744EEBAC29F9B931009BEF5F /* FrameworkDetailView.swift */; };
		744EEBAF29F9BE2E009BEF5F /* AFButton.swift in Sources */ = {isa = PBXBuildFile; fileRef = 744EEBAE29F9BE2E009BEF5F /* AFButton.swift */; };
		744EEBB129F9CAEC009BEF5F /* FrameworkGridViewModel.swift in Sources */ = {isa = PBXBuildFile; fileRef = 744EEBB029F9CAEC009BEF5F /* FrameworkGridViewModel.swift */; };
		744EEBB329FAC9B0009BEF5F /* SafariView.swift in Sources */ = {isa = PBXBuildFile; fileRef = 744EEBB229FAC9B0009BEF5F /* SafariView.swift */; };
		744EEBC529FD9E12009BEF5F /* FrameworkTitleView.swift in Sources */ = {isa = PBXBuildFile; fileRef = 744EEBC429FD9E12009BEF5F /* FrameworkTitleView.swift */; };
		744EEBC729FD9F10009BEF5F /* XDismissButton.swift in Sources */ = {isa = PBXBuildFile; fileRef = 744EEBC629FD9F10009BEF5F /* XDismissButton.swift */; };
/* End PBXBuildFile section */

/* Begin PBXFileReference section */
		744EEB9529F88EFF009BEF5F /* AppleFrameworksSwiftUI.app */ = {isa = PBXFileReference; explicitFileType = wrapper.application; includeInIndex = 0; path = AppleFrameworksSwiftUI.app; sourceTree = BUILT_PRODUCTS_DIR; };
		744EEB9829F88EFF009BEF5F /* AppleFrameworksSwiftUIApp.swift */ = {isa = PBXFileReference; lastKnownFileType = sourcecode.swift; path = AppleFrameworksSwiftUIApp.swift; sourceTree = "<group>"; };
		744EEB9C29F88F01009BEF5F /* Assets.xcassets */ = {isa = PBXFileReference; lastKnownFileType = folder.assetcatalog; path = Assets.xcassets; sourceTree = "<group>"; };
		744EEB9F29F88F01009BEF5F /* Preview Assets.xcassets */ = {isa = PBXFileReference; lastKnownFileType = folder.assetcatalog; path = "Preview Assets.xcassets"; sourceTree = "<group>"; };
		744EEBA629F88F9A009BEF5F /* Framework.swift */ = {isa = PBXFileReference; lastKnownFileType = sourcecode.swift; path = Framework.swift; sourceTree = "<group>"; };
		744EEBAA29F890ED009BEF5F /* FrameworkGridView.swift */ = {isa = PBXFileReference; lastKnownFileType = sourcecode.swift; path = FrameworkGridView.swift; sourceTree = "<group>"; };
		744EEBAC29F9B931009BEF5F /* FrameworkDetailView.swift */ = {isa = PBXFileReference; lastKnownFileType = sourcecode.swift; path = FrameworkDetailView.swift; sourceTree = "<group>"; };
		744EEBAE29F9BE2E009BEF5F /* AFButton.swift */ = {isa = PBXFileReference; lastKnownFileType = sourcecode.swift; path = AFButton.swift; sourceTree = "<group>"; };
		744EEBB029F9CAEC009BEF5F /* FrameworkGridViewModel.swift */ = {isa = PBXFileReference; lastKnownFileType = sourcecode.swift; path = FrameworkGridViewModel.swift; sourceTree = "<group>"; };
		744EEBB229FAC9B0009BEF5F /* SafariView.swift */ = {isa = PBXFileReference; lastKnownFileType = sourcecode.swift; path = SafariView.swift; sourceTree = "<group>"; };
		744EEBC429FD9E12009BEF5F /* FrameworkTitleView.swift */ = {isa = PBXFileReference; lastKnownFileType = sourcecode.swift; path = FrameworkTitleView.swift; sourceTree = "<group>"; };
		744EEBC629FD9F10009BEF5F /* XDismissButton.swift */ = {isa = PBXFileReference; lastKnownFileType = sourcecode.swift; path = XDismissButton.swift; sourceTree = "<group>"; };
/* End PBXFileReference section */

/* Begin PBXFrameworksBuildPhase section */
		744EEB9229F88EFF009BEF5F /* Frameworks */ = {
			isa = PBXFrameworksBuildPhase;
			buildActionMask = 2147483647;
			files = (
			);
			runOnlyForDeploymentPostprocessing = 0;
		};
/* End PBXFrameworksBuildPhase section */

/* Begin PBXGroup section */
		744EEB8C29F88EFF009BEF5F = {
			isa = PBXGroup;
			children = (
				744EEB9729F88EFF009BEF5F /* AppleFrameworksSwiftUI */,
				744EEB9629F88EFF009BEF5F /* Products */,
			);
			sourceTree = "<group>";
		};
		744EEB9629F88EFF009BEF5F /* Products */ = {
			isa = PBXGroup;
			children = (
				744EEB9529F88EFF009BEF5F /* AppleFrameworksSwiftUI.app */,
			);
			name = Products;
			sourceTree = "<group>";
		};
		744EEB9729F88EFF009BEF5F /* AppleFrameworksSwiftUI */ = {
			isa = PBXGroup;
			children = (
				744EEBCD29FDADC5009BEF5F /* Views */,
				744EEBCB29FDAD0D009BEF5F /* Model */,
				744EEBC829FDACC0009BEF5F /* Screens */,
				744EEB9829F88EFF009BEF5F /* AppleFrameworksSwiftUIApp.swift */,
				744EEB9C29F88F01009BEF5F /* Assets.xcassets */,
				744EEB9E29F88F01009BEF5F /* Preview Content */,
			);
			path = AppleFrameworksSwiftUI;
			sourceTree = "<group>";
		};
		744EEB9E29F88F01009BEF5F /* Preview Content */ = {
			isa = PBXGroup;
			children = (
				744EEB9F29F88F01009BEF5F /* Preview Assets.xcassets */,
			);
			path = "Preview Content";
			sourceTree = "<group>";
		};
		744EEBC829FDACC0009BEF5F /* Screens */ = {
			isa = PBXGroup;
			children = (
				744EEBC929FDACC9009BEF5F /* FrameworkGridView */,
				744EEBCA29FDACEE009BEF5F /* FrameworkDetailView */,
			);
			path = Screens;
			sourceTree = "<group>";
		};
		744EEBC929FDACC9009BEF5F /* FrameworkGridView */ = {
			isa = PBXGroup;
			children = (
				744EEBB029F9CAEC009BEF5F /* FrameworkGridViewModel.swift */,
				744EEBAA29F890ED009BEF5F /* FrameworkGridView.swift */,
			);
			path = FrameworkGridView;
			sourceTree = "<group>";
		};
		744EEBCA29FDACEE009BEF5F /* FrameworkDetailView */ = {
			isa = PBXGroup;
			children = (
				744EEBAC29F9B931009BEF5F /* FrameworkDetailView.swift */,
			);
			path = FrameworkDetailView;
			sourceTree = "<group>";
		};
		744EEBCB29FDAD0D009BEF5F /* Model */ = {
			isa = PBXGroup;
			children = (
				744EEBA629F88F9A009BEF5F /* Framework.swift */,
			);
			path = Model;
			sourceTree = "<group>";
		};
		744EEBCD29FDADC5009BEF5F /* Views */ = {
			isa = PBXGroup;
			children = (
				744EEBD029FDAE36009BEF5F /* UIKit Components */,
				744EEBCF29FDADDF009BEF5F /* Views */,
				744EEBCE29FDADCB009BEF5F /* Buttons */,
			);
			path = Views;
			sourceTree = "<group>";
		};
		744EEBCE29FDADCB009BEF5F /* Buttons */ = {
			isa = PBXGroup;
			children = (
				744EEBAE29F9BE2E009BEF5F /* AFButton.swift */,
				744EEBC629FD9F10009BEF5F /* XDismissButton.swift */,
			);
			path = Buttons;
			sourceTree = "<group>";
		};
		744EEBCF29FDADDF009BEF5F /* Views */ = {
			isa = PBXGroup;
			children = (
				744EEBC429FD9E12009BEF5F /* FrameworkTitleView.swift */,
			);
			path = Views;
			sourceTree = "<group>";
		};
		744EEBD029FDAE36009BEF5F /* UIKit Components */ = {
			isa = PBXGroup;
			children = (
				744EEBB229FAC9B0009BEF5F /* SafariView.swift */,
			);
			path = "UIKit Components";
			sourceTree = "<group>";
		};
/* End PBXGroup section */

/* Begin PBXNativeTarget section */
		744EEB9429F88EFF009BEF5F /* AppleFrameworksSwiftUI */ = {
			isa = PBXNativeTarget;
			buildConfigurationList = 744EEBA329F88F01009BEF5F /* Build configuration list for PBXNativeTarget "AppleFrameworksSwiftUI" */;
			buildPhases = (
				744EEB9129F88EFF009BEF5F /* Sources */,
				744EEB9229F88EFF009BEF5F /* Frameworks */,
				744EEB9329F88EFF009BEF5F /* Resources */,
			);
			buildRules = (
			);
			dependencies = (
			);
			name = AppleFrameworksSwiftUI;
			productName = AppleFrameworksSwiftUI;
			productReference = 744EEB9529F88EFF009BEF5F /* AppleFrameworksSwiftUI.app */;
			productType = "com.apple.product-type.application";
		};
/* End PBXNativeTarget section */

/* Begin PBXProject section */
		744EEB8D29F88EFF009BEF5F /* Project object */ = {
			isa = PBXProject;
			attributes = {
				BuildIndependentTargetsInParallel = 1;
				LastSwiftUpdateCheck = 1430;
				LastUpgradeCheck = 1430;
				TargetAttributes = {
					744EEB9429F88EFF009BEF5F = {
						CreatedOnToolsVersion = 14.3;
					};
				};
			};
			buildConfigurationList = 744EEB9029F88EFF009BEF5F /* Build configuration list for PBXProject "AppleFrameworksSwiftUI" */;
			compatibilityVersion = "Xcode 14.0";
			developmentRegion = en;
			hasScannedForEncodings = 0;
			knownRegions = (
				en,
				Base,
			);
			mainGroup = 744EEB8C29F88EFF009BEF5F;
			productRefGroup = 744EEB9629F88EFF009BEF5F /* Products */;
			projectDirPath = "";
			projectRoot = "";
			targets = (
				744EEB9429F88EFF009BEF5F /* AppleFrameworksSwiftUI */,
			);
		};
/* End PBXProject section */

/* Begin PBXResourcesBuildPhase section */
		744EEB9329F88EFF009BEF5F /* Resources */ = {
			isa = PBXResourcesBuildPhase;
			buildActionMask = 2147483647;
			files = (
				744EEBA029F88F01009BEF5F /* Preview Assets.xcassets in Resources */,
				744EEB9D29F88F01009BEF5F /* Assets.xcassets in Resources */,
			);
			runOnlyForDeploymentPostprocessing = 0;
		};
/* End PBXResourcesBuildPhase section */

/* Begin PBXSourcesBuildPhase section */
		744EEB9129F88EFF009BEF5F /* Sources */ = {
			isa = PBXSourcesBuildPhase;
			buildActionMask = 2147483647;
			files = (
				744EEBAD29F9B931009BEF5F /* FrameworkDetailView.swift in Sources */,
				744EEBAB29F890ED009BEF5F /* FrameworkGridView.swift in Sources */,
				744EEBC729FD9F10009BEF5F /* XDismissButton.swift in Sources */,
				744EEBA729F88F9A009BEF5F /* Framework.swift in Sources */,
				744EEBAF29F9BE2E009BEF5F /* AFButton.swift in Sources */,
				744EEB9929F88EFF009BEF5F /* AppleFrameworksSwiftUIApp.swift in Sources */,
				744EEBB129F9CAEC009BEF5F /* FrameworkGridViewModel.swift in Sources */,
				744EEBC529FD9E12009BEF5F /* FrameworkTitleView.swift in Sources */,
				744EEBB329FAC9B0009BEF5F /* SafariView.swift in Sources */,
			);
			runOnlyForDeploymentPostprocessing = 0;
		};
/* End PBXSourcesBuildPhase section */

/* Begin XCBuildConfiguration section */
		744EEBA129F88F01009BEF5F /* Debug */ = {
			isa = XCBuildConfiguration;
			buildSettings = {
				ALWAYS_SEARCH_USER_PATHS = NO;
				CLANG_ANALYZER_NONNULL = YES;
				CLANG_ANALYZER_NUMBER_OBJECT_CONVERSION = YES_AGGRESSIVE;
				CLANG_CXX_LANGUAGE_STANDARD = "gnu++20";
				CLANG_ENABLE_MODULES = YES;
				CLANG_ENABLE_OBJC_ARC = YES;
				CLANG_ENABLE_OBJC_WEAK = YES;
				CLANG_WARN_BLOCK_CAPTURE_AUTORELEASING = YES;
				CLANG_WARN_BOOL_CONVERSION = YES;
				CLANG_WARN_COMMA = YES;
				CLANG_WARN_CONSTANT_CONVERSION = YES;
				CLANG_WARN_DEPRECATED_OBJC_IMPLEMENTATIONS = YES;
				CLANG_WARN_DIRECT_OBJC_ISA_USAGE = YES_ERROR;
				CLANG_WARN_DOCUMENTATION_COMMENTS = YES;
				CLANG_WARN_EMPTY_BODY = YES;
				CLANG_WARN_ENUM_CONVERSION = YES;
				CLANG_WARN_INFINITE_RECURSION = YES;
				CLANG_WARN_INT_CONVERSION = YES;
				CLANG_WARN_NON_LITERAL_NULL_CONVERSION = YES;
				CLANG_WARN_OBJC_IMPLICIT_RETAIN_SELF = YES;
				CLANG_WARN_OBJC_LITERAL_CONVERSION = YES;
				CLANG_WARN_OBJC_ROOT_CLASS = YES_ERROR;
				CLANG_WARN_QUOTED_INCLUDE_IN_FRAMEWORK_HEADER = YES;
				CLANG_WARN_RANGE_LOOP_ANALYSIS = YES;
				CLANG_WARN_STRICT_PROTOTYPES = YES;
				CLANG_WARN_SUSPICIOUS_MOVE = YES;
				CLANG_WARN_UNGUARDED_AVAILABILITY = YES_AGGRESSIVE;
				CLANG_WARN_UNREACHABLE_CODE = YES;
				CLANG_WARN__DUPLICATE_METHOD_MATCH = YES;
				COPY_PHASE_STRIP = NO;
				DEBUG_INFORMATION_FORMAT = dwarf;
				ENABLE_STRICT_OBJC_MSGSEND = YES;
				ENABLE_TESTABILITY = YES;
				GCC_C_LANGUAGE_STANDARD = gnu11;
				GCC_DYNAMIC_NO_PIC = NO;
				GCC_NO_COMMON_BLOCKS = YES;
				GCC_OPTIMIZATION_LEVEL = 0;
				GCC_PREPROCESSOR_DEFINITIONS = (
					"DEBUG=1",
					"$(inherited)",
				);
				GCC_WARN_64_TO_32_BIT_CONVERSION = YES;
				GCC_WARN_ABOUT_RETURN_TYPE = YES_ERROR;
				GCC_WARN_UNDECLARED_SELECTOR = YES;
				GCC_WARN_UNINITIALIZED_AUTOS = YES_AGGRESSIVE;
				GCC_WARN_UNUSED_FUNCTION = YES;
				GCC_WARN_UNUSED_VARIABLE = YES;
				IPHONEOS_DEPLOYMENT_TARGET = 16.4;
				MTL_ENABLE_DEBUG_INFO = INCLUDE_SOURCE;
				MTL_FAST_MATH = YES;
				ONLY_ACTIVE_ARCH = YES;
				SDKROOT = iphoneos;
				SWIFT_ACTIVE_COMPILATION_CONDITIONS = DEBUG;
				SWIFT_OPTIMIZATION_LEVEL = "-Onone";
			};
			name = Debug;
		};
		744EEBA229F88F01009BEF5F /* Release */ = {
			isa = XCBuildConfiguration;
			buildSettings = {
				ALWAYS_SEARCH_USER_PATHS = NO;
				CLANG_ANALYZER_NONNULL = YES;
				CLANG_ANALYZER_NUMBER_OBJECT_CONVERSION = YES_AGGRESSIVE;
				CLANG_CXX_LANGUAGE_STANDARD = "gnu++20";
				CLANG_ENABLE_MODULES = YES;
				CLANG_ENABLE_OBJC_ARC = YES;
				CLANG_ENABLE_OBJC_WEAK = YES;
				CLANG_WARN_BLOCK_CAPTURE_AUTORELEASING = YES;
				CLANG_WARN_BOOL_CONVERSION = YES;
				CLANG_WARN_COMMA = YES;
				CLANG_WARN_CONSTANT_CONVERSION = YES;
				CLANG_WARN_DEPRECATED_OBJC_IMPLEMENTATIONS = YES;
				CLANG_WARN_DIRECT_OBJC_ISA_USAGE = YES_ERROR;
				CLANG_WARN_DOCUMENTATION_COMMENTS = YES;
				CLANG_WARN_EMPTY_BODY = YES;
				CLANG_WARN_ENUM_CONVERSION = YES;
				CLANG_WARN_INFINITE_RECURSION = YES;
				CLANG_WARN_INT_CONVERSION = YES;
				CLANG_WARN_NON_LITERAL_NULL_CONVERSION = YES;
				CLANG_WARN_OBJC_IMPLICIT_RETAIN_SELF = YES;
				CLANG_WARN_OBJC_LITERAL_CONVERSION = YES;
				CLANG_WARN_OBJC_ROOT_CLASS = YES_ERROR;
				CLANG_WARN_QUOTED_INCLUDE_IN_FRAMEWORK_HEADER = YES;
				CLANG_WARN_RANGE_LOOP_ANALYSIS = YES;
				CLANG_WARN_STRICT_PROTOTYPES = YES;
				CLANG_WARN_SUSPICIOUS_MOVE = YES;
				CLANG_WARN_UNGUARDED_AVAILABILITY = YES_AGGRESSIVE;
				CLANG_WARN_UNREACHABLE_CODE = YES;
				CLANG_WARN__DUPLICATE_METHOD_MATCH = YES;
				COPY_PHASE_STRIP = NO;
				DEBUG_INFORMATION_FORMAT = "dwarf-with-dsym";
				ENABLE_NS_ASSERTIONS = NO;
				ENABLE_STRICT_OBJC_MSGSEND = YES;
				GCC_C_LANGUAGE_STANDARD = gnu11;
				GCC_NO_COMMON_BLOCKS = YES;
				GCC_WARN_64_TO_32_BIT_CONVERSION = YES;
				GCC_WARN_ABOUT_RETURN_TYPE = YES_ERROR;
				GCC_WARN_UNDECLARED_SELECTOR = YES;
				GCC_WARN_UNINITIALIZED_AUTOS = YES_AGGRESSIVE;
				GCC_WARN_UNUSED_FUNCTION = YES;
				GCC_WARN_UNUSED_VARIABLE = YES;
				IPHONEOS_DEPLOYMENT_TARGET = 16.4;
				MTL_ENABLE_DEBUG_INFO = NO;
				MTL_FAST_MATH = YES;
				SDKROOT = iphoneos;
				SWIFT_COMPILATION_MODE = wholemodule;
				SWIFT_OPTIMIZATION_LEVEL = "-O";
				VALIDATE_PRODUCT = YES;
			};
			name = Release;
		};
		744EEBA429F88F01009BEF5F /* Debug */ = {
			isa = XCBuildConfiguration;
			buildSettings = {
				ASSETCATALOG_COMPILER_APPICON_NAME = AppIcon;
				ASSETCATALOG_COMPILER_GLOBAL_ACCENT_COLOR_NAME = AccentColor;
				CODE_SIGN_STYLE = Automatic;
				CURRENT_PROJECT_VERSION = 1;
				DEVELOPMENT_ASSET_PATHS = "\"AppleFrameworksSwiftUI/Preview Content\"";
				DEVELOPMENT_TEAM = 4A45YWS7LC;
				ENABLE_PREVIEWS = YES;
				GENERATE_INFOPLIST_FILE = YES;
				INFOPLIST_KEY_UIApplicationSceneManifest_Generation = YES;
				INFOPLIST_KEY_UIApplicationSupportsIndirectInputEvents = YES;
				INFOPLIST_KEY_UILaunchScreen_Generation = YES;
				INFOPLIST_KEY_UISupportedInterfaceOrientations_iPad = "UIInterfaceOrientationPortrait UIInterfaceOrientationPortraitUpsideDown UIInterfaceOrientationLandscapeLeft UIInterfaceOrientationLandscapeRight";
				INFOPLIST_KEY_UISupportedInterfaceOrientations_iPhone = "UIInterfaceOrientationPortrait UIInterfaceOrientationLandscapeLeft UIInterfaceOrientationLandscapeRight";
				LD_RUNPATH_SEARCH_PATHS = (
					"$(inherited)",
					"@executable_path/Frameworks",
				);
				MARKETING_VERSION = 1.0;
				PRODUCT_BUNDLE_IDENTIFIER = com.AppleFrameworksSwiftUI;
				PRODUCT_NAME = "$(TARGET_NAME)";
				SWIFT_EMIT_LOC_STRINGS = YES;
				SWIFT_VERSION = 5.0;
				TARGETED_DEVICE_FAMILY = "1,2";
			};
			name = Debug;
		};
		744EEBA529F88F01009BEF5F /* Release */ = {
			isa = XCBuildConfiguration;
			buildSettings = {
				ASSETCATALOG_COMPILER_APPICON_NAME = AppIcon;
				ASSETCATALOG_COMPILER_GLOBAL_ACCENT_COLOR_NAME = AccentColor;
				CODE_SIGN_STYLE = Automatic;
				CURRENT_PROJECT_VERSION = 1;
				DEVELOPMENT_ASSET_PATHS = "\"AppleFrameworksSwiftUI/Preview Content\"";
				DEVELOPMENT_TEAM = 4A45YWS7LC;
				ENABLE_PREVIEWS = YES;
				GENERATE_INFOPLIST_FILE = YES;
				INFOPLIST_KEY_UIApplicationSceneManifest_Generation = YES;
				INFOPLIST_KEY_UIApplicationSupportsIndirectInputEvents = YES;
				INFOPLIST_KEY_UILaunchScreen_Generation = YES;
				INFOPLIST_KEY_UISupportedInterfaceOrientations_iPad = "UIInterfaceOrientationPortrait UIInterfaceOrientationPortraitUpsideDown UIInterfaceOrientationLandscapeLeft UIInterfaceOrientationLandscapeRight";
				INFOPLIST_KEY_UISupportedInterfaceOrientations_iPhone = "UIInterfaceOrientationPortrait UIInterfaceOrientationLandscapeLeft UIInterfaceOrientationLandscapeRight";
				LD_RUNPATH_SEARCH_PATHS = (
					"$(inherited)",
					"@executable_path/Frameworks",
				);
				MARKETING_VERSION = 1.0;
				PRODUCT_BUNDLE_IDENTIFIER = com.AppleFrameworksSwiftUI;
				PRODUCT_NAME = "$(TARGET_NAME)";
				SWIFT_EMIT_LOC_STRINGS = YES;
				SWIFT_VERSION = 5.0;
				TARGETED_DEVICE_FAMILY = "1,2";
			};
			name = Release;
		};
/* End XCBuildConfiguration section */

/* Begin XCConfigurationList section */
		744EEB9029F88EFF009BEF5F /* Build configuration list for PBXProject "AppleFrameworksSwiftUI" */ = {
			isa = XCConfigurationList;
			buildConfigurations = (
				744EEBA129F88F01009BEF5F /* Debug */,
				744EEBA229F88F01009BEF5F /* Release */,
			);
			defaultConfigurationIsVisible = 0;
			defaultConfigurationName = Release;
		};
		744EEBA329F88F01009BEF5F /* Build configuration list for PBXNativeTarget "AppleFrameworksSwiftUI" */ = {
			isa = XCConfigurationList;
			buildConfigurations = (
				744EEBA429F88F01009BEF5F /* Debug */,
				744EEBA529F88F01009BEF5F /* Release */,
			);
			defaultConfigurationIsVisible = 0;
			defaultConfigurationName = Release;
		};
/* End XCConfigurationList section */
	};
	rootObject = 744EEB8D29F88EFF009BEF5F /* Project object */;
}
